
Microsoft Visual Studio Solution File, Format Version 12.00
# Visual Studio 2013
VisualStudioVersion = 12.0.31101.0
MinimumVisualStudioVersion = 10.0.40219.1
Project("{FAE04EC0-301F-11D3-BF4B-00C04F79EFBC}") = "project-euler-cs", "project-euler-cs\project-euler-cs.csproj", "{BBD5A1AE-433D-4990-987F-A9F005879337}"
EndProject
Global
	GlobalSection(SolutionConfigurationPlatforms) = preSolution
		Debug|Any CPU = Debug|Any CPU
		Release|Any CPU = Release|Any CPU
	EndGlobalSection
	GlobalSection(ProjectConfigurationPlatforms) = postSolution
		{BBD5A1AE-433D-4990-987F-A9F005879337}.Debug|Any CPU.ActiveCfg = Debug|Any CPU
		{BBD5A1AE-433D-4990-987F-A9F005879337}.Debug|Any CPU.Build.0 = Debug|Any CPU
		{BBD5A1AE-433D-4990-987F-A9F005879337}.Release|Any CPU.ActiveCfg = Release|Any CPU
		{BBD5A1AE-433D-4990-987F-A9F005879337}.Release|Any CPU.Build.0 = Release|Any CPU
	EndGlobalSection
	GlobalSection(SolutionProperties) = preSolution
		HideSolutionNode = FALSE
	EndGlobalSection
EndGlobal
